
Microsoft Visual Studio Solution File, Format Version 12.00
# Visual Studio Version 17
VisualStudioVersion = 17.0.31903.59
MinimumVisualStudioVersion = 10.0.40219.1
Project("{FAE04EC0-301F-11D3-BF4B-00C04F79EFBC}") = "allgem", "allgem\allgem.csproj", "{285F4268-650A-4FB4-B256-5B9FE36B87B9}"
EndProject
Project("{FAE04EC0-301F-11D3-BF4B-00C04F79EFBC}") = "Allgem01", "Allgem01\Allgem01.csproj", "{D81098A2-0240-4447-B478-F43A392AA327}"
EndProject
Global
	GlobalSection(SolutionConfigurationPlatforms) = preSolution
		Debug|Any CPU = Debug|Any CPU
		Debug|x64 = Debug|x64
		Debug|x86 = Debug|x86
		Release|Any CPU = Release|Any CPU
		Release|x64 = Release|x64
		Release|x86 = Release|x86
	EndGlobalSection
	GlobalSection(ProjectConfigurationPlatforms) = postSolution
		{285F4268-650A-4FB4-B256-5B9FE36B87B9}.Debug|Any CPU.ActiveCfg = Debug|Any CPU
		{285F4268-650A-4FB4-B256-5B9FE36B87B9}.Debug|Any CPU.Build.0 = Debug|Any CPU
		{285F4268-650A-4FB4-B256-5B9FE36B87B9}.Debug|x64.ActiveCfg = Debug|Any CPU
		{285F4268-650A-4FB4-B256-5B9FE36B87B9}.Debug|x64.Build.0 = Debug|Any CPU
		{285F4268-650A-4FB4-B256-5B9FE36B87B9}.Debug|x86.ActiveCfg = Debug|Any CPU
		{285F4268-650A-4FB4-B256-5B9FE36B87B9}.Debug|x86.Build.0 = Debug|Any CPU
		{285F4268-650A-4FB4-B256-5B9FE36B87B9}.Release|Any CPU.ActiveCfg = Release|Any CPU
		{285F4268-650A-4FB4-B256-5B9FE36B87B9}.Release|Any CPU.Build.0 = Release|Any CPU
		{285F4268-650A-4FB4-B256-5B9FE36B87B9}.Release|x64.ActiveCfg = Release|Any CPU
		{285F4268-650A-4FB4-B256-5B9FE36B87B9}.Release|x64.Build.0 = Release|Any CPU
		{285F4268-650A-4FB4-B256-5B9FE36B87B9}.Release|x86.ActiveCfg = Release|Any CPU
		{285F4268-650A-4FB4-B256-5B9FE36B87B9}.Release|x86.Build.0 = Release|Any CPU
		{D81098A2-0240-4447-B478-F43A392AA327}.Debug|Any CPU.ActiveCfg = Debug|Any CPU
		{D81098A2-0240-4447-B478-F43A392AA327}.Debug|Any CPU.Build.0 = Debug|Any CPU
		{D81098A2-0240-4447-B478-F43A392AA327}.Debug|x64.ActiveCfg = Debug|Any CPU
		{D81098A2-0240-4447-B478-F43A392AA327}.Debug|x64.Build.0 = Debug|Any CPU
		{D81098A2-0240-4447-B478-F43A392AA327}.Debug|x86.ActiveCfg = Debug|Any CPU
		{D81098A2-0240-4447-B478-F43A392AA327}.Debug|x86.Build.0 = Debug|Any CPU
		{D81098A2-0240-4447-B478-F43A392AA327}.Release|Any CPU.ActiveCfg = Release|Any CPU
		{D81098A2-0240-4447-B478-F43A392AA327}.Release|Any CPU.Build.0 = Release|Any CPU
		{D81098A2-0240-4447-B478-F43A392AA327}.Release|x64.ActiveCfg = Release|Any CPU
		{D81098A2-0240-4447-B478-F43A392AA327}.Release|x64.Build.0 = Release|Any CPU
		{D81098A2-0240-4447-B478-F43A392AA327}.Release|x86.ActiveCfg = Release|Any CPU
		{D81098A2-0240-4447-B478-F43A392AA327}.Release|x86.Build.0 = Release|Any CPU
	EndGlobalSection
	GlobalSection(SolutionProperties) = preSolution
		HideSolutionNode = FALSE
	EndGlobalSection
EndGlobal
